
Microsoft Visual Studio Solution File, Format Version 12.00
# Visual Studio 2012
Project("{FAE04EC0-301F-11D3-BF4B-00C04F79EFBC}") = "MachineLearning.Android", "MachineLearning.Android\MachineLearning.Android.csproj", "{EA5E6F60-7D26-4D69-9BD6-294B484B92BE}"
EndProject
Project("{FAE04EC0-301F-11D3-BF4B-00C04F79EFBC}") = "MachineLearning.iOS", "MachineLearning.iOS\MachineLearning.iOS.csproj", "{B9FD225B-493C-4341-88F9-D3D004CEA28F}"
EndProject
Project("{FAE04EC0-301F-11D3-BF4B-00C04F79EFBC}") = "MachineLearning", "MachineLearning\MachineLearning.csproj", "{A9715B6C-6DE8-4840-8910-EA97B6874004}"
EndProject
Global
	GlobalSection(SolutionConfigurationPlatforms) = preSolution
		Debug|Any CPU = Debug|Any CPU
		Release|Any CPU = Release|Any CPU
		Debug|iPhoneSimulator = Debug|iPhoneSimulator
		Release|iPhoneSimulator = Release|iPhoneSimulator
		Debug|iPhone = Debug|iPhone
		Release|iPhone = Release|iPhone
		Ad-Hoc|iPhone = Ad-Hoc|iPhone
		AppStore|iPhone = AppStore|iPhone
	EndGlobalSection
	GlobalSection(ProjectConfigurationPlatforms) = postSolution
		{EA5E6F60-7D26-4D69-9BD6-294B484B92BE}.Debug|Any CPU.ActiveCfg = Debug|Any CPU
		{EA5E6F60-7D26-4D69-9BD6-294B484B92BE}.Debug|Any CPU.Build.0 = Debug|Any CPU
		{EA5E6F60-7D26-4D69-9BD6-294B484B92BE}.Release|Any CPU.ActiveCfg = Release|Any CPU
		{EA5E6F60-7D26-4D69-9BD6-294B484B92BE}.Release|Any CPU.Build.0 = Release|Any CPU
		{EA5E6F60-7D26-4D69-9BD6-294B484B92BE}.Debug|iPhoneSimulator.ActiveCfg = Debug|Any CPU
		{EA5E6F60-7D26-4D69-9BD6-294B484B92BE}.Debug|iPhoneSimulator.Build.0 = Debug|Any CPU
		{EA5E6F60-7D26-4D69-9BD6-294B484B92BE}.Release|iPhoneSimulator.ActiveCfg = Release|Any CPU
		{EA5E6F60-7D26-4D69-9BD6-294B484B92BE}.Release|iPhoneSimulator.Build.0 = Release|Any CPU
		{EA5E6F60-7D26-4D69-9BD6-294B484B92BE}.Debug|iPhone.ActiveCfg = Debug|Any CPU
		{EA5E6F60-7D26-4D69-9BD6-294B484B92BE}.Debug|iPhone.Build.0 = Debug|Any CPU
		{EA5E6F60-7D26-4D69-9BD6-294B484B92BE}.Release|iPhone.ActiveCfg = Release|Any CPU
		{EA5E6F60-7D26-4D69-9BD6-294B484B92BE}.Release|iPhone.Build.0 = Release|Any CPU
		{EA5E6F60-7D26-4D69-9BD6-294B484B92BE}.Ad-Hoc|iPhone.ActiveCfg = Debug|Any CPU
		{EA5E6F60-7D26-4D69-9BD6-294B484B92BE}.Ad-Hoc|iPhone.Build.0 = Debug|Any CPU
		{EA5E6F60-7D26-4D69-9BD6-294B484B92BE}.AppStore|iPhone.ActiveCfg = Debug|Any CPU
		{EA5E6F60-7D26-4D69-9BD6-294B484B92BE}.AppStore|iPhone.Build.0 = Debug|Any CPU
		{B9FD225B-493C-4341-88F9-D3D004CEA28F}.Debug|Any CPU.ActiveCfg = Debug|iPhoneSimulator
		{B9FD225B-493C-4341-88F9-D3D004CEA28F}.Debug|Any CPU.Build.0 = Debug|iPhoneSimulator
		{B9FD225B-493C-4341-88F9-D3D004CEA28F}.Release|Any CPU.ActiveCfg = Release|iPhoneSimulator
		{B9FD225B-493C-4341-88F9-D3D004CEA28F}.Release|Any CPU.Build.0 = Release|iPhoneSimulator
		{B9FD225B-493C-4341-88F9-D3D004CEA28F}.Debug|iPhoneSimulator.ActiveCfg = Debug|iPhoneSimulator
		{B9FD225B-493C-4341-88F9-D3D004CEA28F}.Debug|iPhoneSimulator.Build.0 = Debug|iPhoneSimulator
		{B9FD225B-493C-4341-88F9-D3D004CEA28F}.Release|iPhoneSimulator.ActiveCfg = Release|iPhoneSimulator
		{B9FD225B-493C-4341-88F9-D3D004CEA28F}.Release|iPhoneSimulator.Build.0 = Release|iPhoneSimulator
		{B9FD225B-493C-4341-88F9-D3D004CEA28F}.Debug|iPhone.ActiveCfg = Debug|iPhone
		{B9FD225B-493C-4341-88F9-D3D004CEA28F}.Debug|iPhone.Build.0 = Debug|iPhone
		{B9FD225B-493C-4341-88F9-D3D004CEA28F}.Release|iPhone.ActiveCfg = Release|iPhone
		{B9FD225B-493C-4341-88F9-D3D004CEA28F}.Release|iPhone.Build.0 = Release|iPhone
		{B9FD225B-493C-4341-88F9-D3D004CEA28F}.Ad-Hoc|iPhone.ActiveCfg = Ad-Hoc|iPhone
		{B9FD225B-493C-4341-88F9-D3D004CEA28F}.Ad-Hoc|iPhone.Build.0 = Ad-Hoc|iPhone
		{B9FD225B-493C-4341-88F9-D3D004CEA28F}.AppStore|iPhone.ActiveCfg = AppStore|iPhone
		{B9FD225B-493C-4341-88F9-D3D004CEA28F}.AppStore|iPhone.Build.0 = AppStore|iPhone
		{A9715B6C-6DE8-4840-8910-EA97B6874004}.Debug|Any CPU.ActiveCfg = Debug|Any CPU
		{A9715B6C-6DE8-4840-8910-EA97B6874004}.Debug|Any CPU.Build.0 = Debug|Any CPU
		{A9715B6C-6DE8-4840-8910-EA97B6874004}.Release|Any CPU.ActiveCfg = Release|Any CPU
		{A9715B6C-6DE8-4840-8910-EA97B6874004}.Release|Any CPU.Build.0 = Release|Any CPU
		{A9715B6C-6DE8-4840-8910-EA97B6874004}.Debug|iPhoneSimulator.ActiveCfg = Debug|Any CPU
		{A9715B6C-6DE8-4840-8910-EA97B6874004}.Debug|iPhoneSimulator.Build.0 = Debug|Any CPU
		{A9715B6C-6DE8-4840-8910-EA97B6874004}.Release|iPhoneSimulator.ActiveCfg = Release|Any CPU
		{A9715B6C-6DE8-4840-8910-EA97B6874004}.Release|iPhoneSimulator.Build.0 = Release|Any CPU
		{A9715B6C-6DE8-4840-8910-EA97B6874004}.Debug|iPhone.ActiveCfg = Debug|Any CPU
		{A9715B6C-6DE8-4840-8910-EA97B6874004}.Debug|iPhone.Build.0 = Debug|Any CPU
		{A9715B6C-6DE8-4840-8910-EA97B6874004}.Release|iPhone.ActiveCfg = Release|Any CPU
		{A9715B6C-6DE8-4840-8910-EA97B6874004}.Release|iPhone.Build.0 = Release|Any CPU
		{A9715B6C-6DE8-4840-8910-EA97B6874004}.Ad-Hoc|iPhone.ActiveCfg = Debug|Any CPU
		{A9715B6C-6DE8-4840-8910-EA97B6874004}.Ad-Hoc|iPhone.Build.0 = Debug|Any CPU
		{A9715B6C-6DE8-4840-8910-EA97B6874004}.AppStore|iPhone.ActiveCfg = Debug|Any CPU
		{A9715B6C-6DE8-4840-8910-EA97B6874004}.AppStore|iPhone.Build.0 = Debug|Any CPU
	EndGlobalSection
EndGlobal
